# This file is automatically @generated by Poetry 1.7.1 and should not be changed by hand.

[[package]]
name = "bruhcolor"
version = "0.0.63"
description = "256 Color Terminal Text Formatter"
optional = false
python-versions = "*"
files = [
    {file = "bruhcolor-0.0.63.tar.gz", hash = "sha256:11c8ae9eebec090b3e5265c841d054bc6e7d06760585499a75ad8204bbda1a20"},
]

[metadata]
lock-version = "2.0"
python-versions = "^3.11"
content-hash = "86ccb5a41f264e68d65676fd0ae7ecc4104a5ea6bc3c2d6532d3dc2e70d60ca1"
